// !$*UTF8*$!
{
	archiveVersion = 1;
	classes = {
	};
	objectVersion = 46;
	objects = {

/* Begin PBXBuildFile section */
		888A72321868F20400D79AA3 /* Foundation.framework in Frameworks */ = {isa = PBXBuildFile; fileRef = 888A72311868F20400D79AA3 /* Foundation.framework */; };
		888A72351868F20400D79AA3 /* main.m in Sources */ = {isa = PBXBuildFile; fileRef = 888A72341868F20400D79AA3 /* main.m */; };
		888A72391868F20400D79AA3 /* BMITime.1 in CopyFiles */ = {isa = PBXBuildFile; fileRef = 888A72381868F20400D79AA3 /* BMITime.1 */; };
		888A72441868FDAF00D79AA3 /* BNRPerson.m in Sources */ = {isa = PBXBuildFile; fileRef = 888A72431868FDAF00D79AA3 /* BNRPerson.m */; };
		888A72641869317600D79AA3 /* BNREmployee.m in Sources */ = {isa = PBXBuildFile; fileRef = 888A72631869317600D79AA3 /* BNREmployee.m */; };
/* End PBXBuildFile section */

/* Begin PBXCopyFilesBuildPhase section */
		888A722C1868F20400D79AA3 /* CopyFiles */ = {
			isa = PBXCopyFilesBuildPhase;
			buildActionMask = 2147483647;
			dstPath = /usr/share/man/man1/;
			dstSubfolderSpec = 0;
			files = (
				888A72391868F20400D79AA3 /* BMITime.1 in CopyFiles */,
			);
			runOnlyForDeploymentPostprocessing = 1;
		};
/* End PBXCopyFilesBuildPhase section */

/* Begin PBXFileReference section */
		888A722E1868F20400D79AA3 /* BMITime */ = {isa = PBXFileReference; explicitFileType = "compiled.mach-o.executable"; includeInIndex = 0; path = BMITime; sourceTree = BUILT_PRODUCTS_DIR; };
		888A72311868F20400D79AA3 /* Foundation.framework */ = {isa = PBXFileReference; lastKnownFileType = wrapper.framework; name = Foundation.framework; path = System/Library/Frameworks/Foundation.framework; sourceTree = SDKROOT; };
		888A72341868F20400D79AA3 /* main.m */ = {isa = PBXFileReference; lastKnownFileType = sourcecode.c.objc; path = main.m; sourceTree = "<group>"; };
		888A72371868F20400D79AA3 /* BMITime-Prefix.pch */ = {isa = PBXFileReference; lastKnownFileType = sourcecode.c.h; path = "BMITime-Prefix.pch"; sourceTree = "<group>"; };
		888A72381868F20400D79AA3 /* BMITime.1 */ = {isa = PBXFileReference; lastKnownFileType = text.man; path = BMITime.1; sourceTree = "<group>"; };
		888A72421868FDAF00D79AA3 /* BNRPerson.h */ = {isa = PBXFileReference; fileEncoding = 4; lastKnownFileType = sourcecode.c.h; path = BNRPerson.h; sourceTree = "<group>"; };
		888A72431868FDAF00D79AA3 /* BNRPerson.m */ = {isa = PBXFileReference; fileEncoding = 4; lastKnownFileType = sourcecode.c.objc; path = BNRPerson.m; sourceTree = "<group>"; };
		888A72621869317600D79AA3 /* BNREmployee.h */ = {isa = PBXFileReference; fileEncoding = 4; lastKnownFileType = sourcecode.c.h; path = BNREmployee.h; sourceTree = "<group>"; };
		888A72631869317600D79AA3 /* BNREmployee.m */ = {isa = PBXFileReference; fileEncoding = 4; lastKnownFileType = sourcecode.c.objc; path = BNREmployee.m; sourceTree = "<group>"; };
/* End PBXFileReference section */

/* Begin PBXFrameworksBuildPhase section */
		888A722B1868F20400D79AA3 /* Frameworks */ = {
			isa = PBXFrameworksBuildPhase;
			buildActionMask = 2147483647;
			files = (
				888A72321868F20400D79AA3 /* Foundation.framework in Frameworks */,
			);
			runOnlyForDeploymentPostprocessing = 0;
		};
/* End PBXFrameworksBuildPhase section */

/* Begin PBXGroup section */
		888A72251868F20400D79AA3 = {
			isa = PBXGroup;
			children = (
				888A72421868FDAF00D79AA3 /* BNRPerson.h */,
				888A72431868FDAF00D79AA3 /* BNRPerson.m */,
				888A72331868F20400D79AA3 /* BMITime */,
				888A72301868F20400D79AA3 /* Frameworks */,
				888A722F1868F20400D79AA3 /* Products */,
			);
			sourceTree = "<group>";
		};
		888A722F1868F20400D79AA3 /* Products */ = {
			isa = PBXGroup;
			children = (
				888A722E1868F20400D79AA3 /* BMITime */,
			);
			name = Products;
			sourceTree = "<group>";
		};
		888A72301868F20400D79AA3 /* Frameworks */ = {
			isa = PBXGroup;
			children = (
				888A72311868F20400D79AA3 /* Foundation.framework */,
			);
			name = Frameworks;
			sourceTree = "<group>";
		};
		888A72331868F20400D79AA3 /* BMITime */ = {
			isa = PBXGroup;
			children = (
				888A72341868F20400D79AA3 /* main.m */,
				888A72621869317600D79AA3 /* BNREmployee.h */,
				888A72631869317600D79AA3 /* BNREmployee.m */,
				888A72381868F20400D79AA3 /* BMITime.1 */,
				888A72361868F20400D79AA3 /* Supporting Files */,
			);
			path = BMITime;
			sourceTree = "<group>";
		};
		888A72361868F20400D79AA3 /* Supporting Files */ = {
			isa = PBXGroup;
			children = (
				888A72371868F20400D79AA3 /* BMITime-Prefix.pch */,
			);
			name = "Supporting Files";
			sourceTree = "<group>";
		};
/* End PBXGroup section */

/* Begin PBXNativeTarget section */
		888A722D1868F20400D79AA3 /* BMITime */ = {
			isa = PBXNativeTarget;
			buildConfigurationList = 888A723C1868F20400D79AA3 /* Build configuration list for PBXNativeTarget "BMITime" */;
			buildPhases = (
				888A722A1868F20400D79AA3 /* Sources */,
				888A722B1868F20400D79AA3 /* Frameworks */,
				888A722C1868F20400D79AA3 /* CopyFiles */,
			);
			buildRules = (
			);
			dependencies = (
			);
			name = BMITime;
			productName = BMITime;
			productReference = 888A722E1868F20400D79AA3 /* BMITime */;
			productType = "com.apple.product-type.tool";
		};
/* End PBXNativeTarget section */

/* Begin PBXProject section */
		888A72261868F20400D79AA3 /* Project object */ = {
			isa = PBXProject;
			attributes = {
				LastUpgradeCheck = 0500;
				ORGANIZATIONNAME = jm;
			};
			buildConfigurationList = 888A72291868F20400D79AA3 /* Build configuration list for PBXProject "BMITime" */;
			compatibilityVersion = "Xcode 3.2";
			developmentRegion = English;
			hasScannedForEncodings = 0;
			knownRegions = (
				en,
			);
			mainGroup = 888A72251868F20400D79AA3;
			productRefGroup = 888A722F1868F20400D79AA3 /* Products */;
			projectDirPath = "";
			projectRoot = "";
			targets = (
				888A722D1868F20400D79AA3 /* BMITime */,
			);
		};
/* End PBXProject section */

/* Begin PBXSourcesBuildPhase section */
		888A722A1868F20400D79AA3 /* Sources */ = {
			isa = PBXSourcesBuildPhase;
			buildActionMask = 2147483647;
			files = (
				888A72641869317600D79AA3 /* BNREmployee.m in Sources */,
				888A72351868F20400D79AA3 /* main.m in Sources */,
				888A72441868FDAF00D79AA3 /* BNRPerson.m in Sources */,
			);
			runOnlyForDeploymentPostprocessing = 0;
		};
/* End PBXSourcesBuildPhase section */

/* Begin XCBuildConfiguration section */
		888A723A1868F20400D79AA3 /* Debug */ = {
			isa = XCBuildConfiguration;
			buildSettings = {
				ALWAYS_SEARCH_USER_PATHS = NO;
				CLANG_CXX_LANGUAGE_STANDARD = "gnu++0x";
				CLANG_CXX_LIBRARY = "libc++";
				CLANG_ENABLE_OBJC_ARC = YES;
				CLANG_WARN_BOOL_CONVERSION = YES;
				CLANG_WARN_CONSTANT_CONVERSION = YES;
				CLANG_WARN_DIRECT_OBJC_ISA_USAGE = YES_ERROR;
				CLANG_WARN_EMPTY_BODY = YES;
				CLANG_WARN_ENUM_CONVERSION = YES;
				CLANG_WARN_INT_CONVERSION = YES;
				CLANG_WARN_OBJC_ROOT_CLASS = YES_ERROR;
				CLANG_WARN__DUPLICATE_METHOD_MATCH = YES;
				COPY_PHASE_STRIP = NO;
				GCC_C_LANGUAGE_STANDARD = gnu99;
				GCC_DYNAMIC_NO_PIC = NO;
				GCC_ENABLE_OBJC_EXCEPTIONS = YES;
				GCC_OPTIMIZATION_LEVEL = 0;
				GCC_PREPROCESSOR_DEFINITIONS = (
					"DEBUG=1",
					"$(inherited)",
				);
				GCC_SYMBOLS_PRIVATE_EXTERN = NO;
				GCC_WARN_64_TO_32_BIT_CONVERSION = YES;
				GCC_WARN_ABOUT_RETURN_TYPE = YES_ERROR;
				GCC_WARN_UNDECLARED_SELECTOR = YES;
				GCC_WARN_UNINITIALIZED_AUTOS = YES;
				GCC_WARN_UNUSED_FUNCTION = YES;
				GCC_WARN_UNUSED_VARIABLE = YES;
				MACOSX_DEPLOYMENT_TARGET = 10.8;
				ONLY_ACTIVE_ARCH = YES;
				SDKROOT = macosx;
			};
			name = Debug;
		};
		888A723B1868F20400D79AA3 /* Release */ = {
			isa = XCBuildConfiguration;
			buildSettings = {
				ALWAYS_SEARCH_USER_PATHS = NO;
				CLANG_CXX_LANGUAGE_STANDARD = "gnu++0x";
				CLANG_CXX_LIBRARY = "libc++";
				CLANG_ENABLE_OBJC_ARC = YES;
				CLANG_WARN_BOOL_CONVERSION = YES;
				CLANG_WARN_CONSTANT_CONVERSION = YES;
				CLANG_WARN_DIRECT_OBJC_ISA_USAGE = YES_ERROR;
				CLANG_WARN_EMPTY_BODY = YES;
				CLANG_WARN_ENUM_CONVERSION = YES;
				CLANG_WARN_INT_CONVERSION = YES;
				CLANG_WARN_OBJC_ROOT_CLASS = YES_ERROR;
				CLANG_WARN__DUPLICATE_METHOD_MATCH = YES;
				COPY_PHASE_STRIP = YES;
				DEBUG_INFORMATION_FORMAT = "dwarf-with-dsym";
				ENABLE_NS_ASSERTIONS = NO;
				GCC_C_LANGUAGE_STANDARD = gnu99;
				GCC_ENABLE_OBJC_EXCEPTIONS = YES;
				GCC_WARN_64_TO_32_BIT_CONVERSION = YES;
				GCC_WARN_ABOUT_RETURN_TYPE = YES_ERROR;
				GCC_WARN_UNDECLARED_SELECTOR = YES;
				GCC_WARN_UNINITIALIZED_AUTOS = YES;
				GCC_WARN_UNUSED_FUNCTION = YES;
				GCC_WARN_UNUSED_VARIABLE = YES;
				MACOSX_DEPLOYMENT_TARGET = 10.8;
				SDKROOT = macosx;
			};
			name = Release;
		};
		888A723D1868F20400D79AA3 /* Debug */ = {
			isa = XCBuildConfiguration;
			buildSettings = {
				GCC_PRECOMPILE_PREFIX_HEADER = YES;
				GCC_PREFIX_HEADER = "BMITime/BMITime-Prefix.pch";
				PRODUCT_NAME = "$(TARGET_NAME)";
			};
			name = Debug;
		};
		888A723E1868F20400D79AA3 /* Release */ = {
			isa = XCBuildConfiguration;
			buildSettings = {
				GCC_PRECOMPILE_PREFIX_HEADER = YES;
				GCC_PREFIX_HEADER = "BMITime/BMITime-Prefix.pch";
				PRODUCT_NAME = "$(TARGET_NAME)";
			};
			name = Release;
		};
/* End XCBuildConfiguration section */

/* Begin XCConfigurationList section */
		888A72291868F20400D79AA3 /* Build configuration list for PBXProject "BMITime" */ = {
			isa = XCConfigurationList;
			buildConfigurations = (
				888A723A1868F20400D79AA3 /* Debug */,
				888A723B1868F20400D79AA3 /* Release */,
			);
			defaultConfigurationIsVisible = 0;
			defaultConfigurationName = Release;
		};
		888A723C1868F20400D79AA3 /* Build configuration list for PBXNativeTarget "BMITime" */ = {
			isa = XCConfigurationList;
			buildConfigurations = (
				888A723D1868F20400D79AA3 /* Debug */,
				888A723E1868F20400D79AA3 /* Release */,
			);
			defaultConfigurationIsVisible = 0;
			defaultConfigurationName = Release;
		};
/* End XCConfigurationList section */
	};
	rootObject = 888A72261868F20400D79AA3 /* Project object */;
}
